
Microsoft Visual Studio Solution File, Format Version 12.00
# Visual Studio Version 16
VisualStudioVersion = 16.0.33214.272
MinimumVisualStudioVersion = 10.0.40219.1
Project("{8BC9CEB8-8B4A-11D0-8D11-00A0C91BC942}") = "9996", "9996\9996.vcxproj", "{D764BB09-A0ED-459E-9067-8288B1C90D98}"
EndProject
Global
	GlobalSection(SolutionConfigurationPlatforms) = preSolution
		Debug|x64 = Debug|x64
		Debug|x86 = Debug|x86
		Release|x64 = Release|x64
		Release|x86 = Release|x86
	EndGlobalSection
	GlobalSection(ProjectConfigurationPlatforms) = postSolution
		{D764BB09-A0ED-459E-9067-8288B1C90D98}.Debug|x64.ActiveCfg = Debug|x64
		{D764BB09-A0ED-459E-9067-8288B1C90D98}.Debug|x64.Build.0 = Debug|x64
		{D764BB09-A0ED-459E-9067-8288B1C90D98}.Debug|x86.ActiveCfg = Debug|Win32
		{D764BB09-A0ED-459E-9067-8288B1C90D98}.Debug|x86.Build.0 = Debug|Win32
		{D764BB09-A0ED-459E-9067-8288B1C90D98}.Release|x64.ActiveCfg = Release|x64
		{D764BB09-A0ED-459E-9067-8288B1C90D98}.Release|x64.Build.0 = Release|x64
		{D764BB09-A0ED-459E-9067-8288B1C90D98}.Release|x86.ActiveCfg = Release|Win32
		{D764BB09-A0ED-459E-9067-8288B1C90D98}.Release|x86.Build.0 = Release|Win32
	EndGlobalSection
	GlobalSection(SolutionProperties) = preSolution
		HideSolutionNode = FALSE
	EndGlobalSection
	GlobalSection(ExtensibilityGlobals) = postSolution
		SolutionGuid = {3524CD43-35C3-48B0-BD75-111426187D7A}
	EndGlobalSection
EndGlobal
