
Microsoft Visual Studio Solution File, Format Version 12.00
# Visual Studio Version 16
VisualStudioVersion = 16.0.35130.168
MinimumVisualStudioVersion = 10.0.40219.1
Project("{8BC9CEB8-8B4A-11D0-8D11-00A0C91BC942}") = "1717", "1717\1717.vcxproj", "{5387D178-A4CE-4F92-8A64-F40913116845}"
EndProject
Global
	GlobalSection(SolutionConfigurationPlatforms) = preSolution
		Debug|x64 = Debug|x64
		Debug|x86 = Debug|x86
		Release|x64 = Release|x64
		Release|x86 = Release|x86
	EndGlobalSection
	GlobalSection(ProjectConfigurationPlatforms) = postSolution
		{5387D178-A4CE-4F92-8A64-F40913116845}.Debug|x64.ActiveCfg = Debug|x64
		{5387D178-A4CE-4F92-8A64-F40913116845}.Debug|x64.Build.0 = Debug|x64
		{5387D178-A4CE-4F92-8A64-F40913116845}.Debug|x86.ActiveCfg = Debug|Win32
		{5387D178-A4CE-4F92-8A64-F40913116845}.Debug|x86.Build.0 = Debug|Win32
		{5387D178-A4CE-4F92-8A64-F40913116845}.Release|x64.ActiveCfg = Release|x64
		{5387D178-A4CE-4F92-8A64-F40913116845}.Release|x64.Build.0 = Release|x64
		{5387D178-A4CE-4F92-8A64-F40913116845}.Release|x86.ActiveCfg = Release|Win32
		{5387D178-A4CE-4F92-8A64-F40913116845}.Release|x86.Build.0 = Release|Win32
	EndGlobalSection
	GlobalSection(SolutionProperties) = preSolution
		HideSolutionNode = FALSE
	EndGlobalSection
	GlobalSection(ExtensibilityGlobals) = postSolution
		SolutionGuid = {DFCF59F8-6C50-4436-A04C-F8F6C687C3C9}
	EndGlobalSection
EndGlobal
