
Microsoft Visual Studio Solution File, Format Version 12.00
# Visual Studio Version 16
VisualStudioVersion = 16.0.35130.168
MinimumVisualStudioVersion = 10.0.40219.1
Project("{8BC9CEB8-8B4A-11D0-8D11-00A0C91BC942}") = "1450", "1450\1450.vcxproj", "{ADA5A8ED-FA9E-4A46-A392-8AE9B70249DE}"
EndProject
Global
	GlobalSection(SolutionConfigurationPlatforms) = preSolution
		Debug|x64 = Debug|x64
		Debug|x86 = Debug|x86
		Release|x64 = Release|x64
		Release|x86 = Release|x86
	EndGlobalSection
	GlobalSection(ProjectConfigurationPlatforms) = postSolution
		{ADA5A8ED-FA9E-4A46-A392-8AE9B70249DE}.Debug|x64.ActiveCfg = Debug|x64
		{ADA5A8ED-FA9E-4A46-A392-8AE9B70249DE}.Debug|x64.Build.0 = Debug|x64
		{ADA5A8ED-FA9E-4A46-A392-8AE9B70249DE}.Debug|x86.ActiveCfg = Debug|Win32
		{ADA5A8ED-FA9E-4A46-A392-8AE9B70249DE}.Debug|x86.Build.0 = Debug|Win32
		{ADA5A8ED-FA9E-4A46-A392-8AE9B70249DE}.Release|x64.ActiveCfg = Release|x64
		{ADA5A8ED-FA9E-4A46-A392-8AE9B70249DE}.Release|x64.Build.0 = Release|x64
		{ADA5A8ED-FA9E-4A46-A392-8AE9B70249DE}.Release|x86.ActiveCfg = Release|Win32
		{ADA5A8ED-FA9E-4A46-A392-8AE9B70249DE}.Release|x86.Build.0 = Release|Win32
	EndGlobalSection
	GlobalSection(SolutionProperties) = preSolution
		HideSolutionNode = FALSE
	EndGlobalSection
	GlobalSection(ExtensibilityGlobals) = postSolution
		SolutionGuid = {25E04577-5747-4582-B851-161F76F5A90A}
	EndGlobalSection
EndGlobal
