
Microsoft Visual Studio Solution File, Format Version 12.00
# Visual Studio Version 16
VisualStudioVersion = 16.0.33214.272
MinimumVisualStudioVersion = 10.0.40219.1
Project("{8BC9CEB8-8B4A-11D0-8D11-00A0C91BC942}") = "2644", "2644\2644.vcxproj", "{DB822058-AA3C-4408-B575-3BB098DFC706}"
EndProject
Global
	GlobalSection(SolutionConfigurationPlatforms) = preSolution
		Debug|x64 = Debug|x64
		Debug|x86 = Debug|x86
		Release|x64 = Release|x64
		Release|x86 = Release|x86
	EndGlobalSection
	GlobalSection(ProjectConfigurationPlatforms) = postSolution
		{DB822058-AA3C-4408-B575-3BB098DFC706}.Debug|x64.ActiveCfg = Debug|x64
		{DB822058-AA3C-4408-B575-3BB098DFC706}.Debug|x64.Build.0 = Debug|x64
		{DB822058-AA3C-4408-B575-3BB098DFC706}.Debug|x86.ActiveCfg = Debug|Win32
		{DB822058-AA3C-4408-B575-3BB098DFC706}.Debug|x86.Build.0 = Debug|Win32
		{DB822058-AA3C-4408-B575-3BB098DFC706}.Release|x64.ActiveCfg = Release|x64
		{DB822058-AA3C-4408-B575-3BB098DFC706}.Release|x64.Build.0 = Release|x64
		{DB822058-AA3C-4408-B575-3BB098DFC706}.Release|x86.ActiveCfg = Release|Win32
		{DB822058-AA3C-4408-B575-3BB098DFC706}.Release|x86.Build.0 = Release|Win32
	EndGlobalSection
	GlobalSection(SolutionProperties) = preSolution
		HideSolutionNode = FALSE
	EndGlobalSection
	GlobalSection(ExtensibilityGlobals) = postSolution
		SolutionGuid = {8166F813-0803-4851-A4EB-570F56281623}
	EndGlobalSection
EndGlobal
