
Microsoft Visual Studio Solution File, Format Version 12.00
# Visual Studio Version 16
VisualStudioVersion = 16.0.35130.168
MinimumVisualStudioVersion = 10.0.40219.1
Project("{8BC9CEB8-8B4A-11D0-8D11-00A0C91BC942}") = "11727", "11727\11727.vcxproj", "{0BB321AE-282C-45E1-A83E-B514B670C7D3}"
EndProject
Global
	GlobalSection(SolutionConfigurationPlatforms) = preSolution
		Debug|x64 = Debug|x64
		Debug|x86 = Debug|x86
		Release|x64 = Release|x64
		Release|x86 = Release|x86
	EndGlobalSection
	GlobalSection(ProjectConfigurationPlatforms) = postSolution
		{0BB321AE-282C-45E1-A83E-B514B670C7D3}.Debug|x64.ActiveCfg = Debug|x64
		{0BB321AE-282C-45E1-A83E-B514B670C7D3}.Debug|x64.Build.0 = Debug|x64
		{0BB321AE-282C-45E1-A83E-B514B670C7D3}.Debug|x86.ActiveCfg = Debug|Win32
		{0BB321AE-282C-45E1-A83E-B514B670C7D3}.Debug|x86.Build.0 = Debug|Win32
		{0BB321AE-282C-45E1-A83E-B514B670C7D3}.Release|x64.ActiveCfg = Release|x64
		{0BB321AE-282C-45E1-A83E-B514B670C7D3}.Release|x64.Build.0 = Release|x64
		{0BB321AE-282C-45E1-A83E-B514B670C7D3}.Release|x86.ActiveCfg = Release|Win32
		{0BB321AE-282C-45E1-A83E-B514B670C7D3}.Release|x86.Build.0 = Release|Win32
	EndGlobalSection
	GlobalSection(SolutionProperties) = preSolution
		HideSolutionNode = FALSE
	EndGlobalSection
	GlobalSection(ExtensibilityGlobals) = postSolution
		SolutionGuid = {272169FD-22C5-459A-9A92-BC68DF7D89E4}
	EndGlobalSection
EndGlobal
