
Microsoft Visual Studio Solution File, Format Version 12.00
# Visual Studio Version 16
VisualStudioVersion = 16.0.33214.272
MinimumVisualStudioVersion = 10.0.40219.1
Project("{8BC9CEB8-8B4A-11D0-8D11-00A0C91BC942}") = "1781(1)", "1781(1)\1781(1).vcxproj", "{1CBC1482-A342-4AD7-B279-C0CF266A89EC}"
EndProject
Global
	GlobalSection(SolutionConfigurationPlatforms) = preSolution
		Debug|x64 = Debug|x64
		Debug|x86 = Debug|x86
		Release|x64 = Release|x64
		Release|x86 = Release|x86
	EndGlobalSection
	GlobalSection(ProjectConfigurationPlatforms) = postSolution
		{1CBC1482-A342-4AD7-B279-C0CF266A89EC}.Debug|x64.ActiveCfg = Debug|x64
		{1CBC1482-A342-4AD7-B279-C0CF266A89EC}.Debug|x64.Build.0 = Debug|x64
		{1CBC1482-A342-4AD7-B279-C0CF266A89EC}.Debug|x86.ActiveCfg = Debug|Win32
		{1CBC1482-A342-4AD7-B279-C0CF266A89EC}.Debug|x86.Build.0 = Debug|Win32
		{1CBC1482-A342-4AD7-B279-C0CF266A89EC}.Release|x64.ActiveCfg = Release|x64
		{1CBC1482-A342-4AD7-B279-C0CF266A89EC}.Release|x64.Build.0 = Release|x64
		{1CBC1482-A342-4AD7-B279-C0CF266A89EC}.Release|x86.ActiveCfg = Release|Win32
		{1CBC1482-A342-4AD7-B279-C0CF266A89EC}.Release|x86.Build.0 = Release|Win32
	EndGlobalSection
	GlobalSection(SolutionProperties) = preSolution
		HideSolutionNode = FALSE
	EndGlobalSection
	GlobalSection(ExtensibilityGlobals) = postSolution
		SolutionGuid = {69931209-97D7-4B70-BF23-43C7BAE120DE}
	EndGlobalSection
EndGlobal
