
Microsoft Visual Studio Solution File, Format Version 12.00
# Visual Studio Version 16
VisualStudioVersion = 16.0.35130.168
MinimumVisualStudioVersion = 10.0.40219.1
Project("{8BC9CEB8-8B4A-11D0-8D11-00A0C91BC942}") = "10026", "10026\10026.vcxproj", "{E7159403-1AB1-4E53-946E-362EA97F80F0}"
EndProject
Global
	GlobalSection(SolutionConfigurationPlatforms) = preSolution
		Debug|x64 = Debug|x64
		Debug|x86 = Debug|x86
		Release|x64 = Release|x64
		Release|x86 = Release|x86
	EndGlobalSection
	GlobalSection(ProjectConfigurationPlatforms) = postSolution
		{E7159403-1AB1-4E53-946E-362EA97F80F0}.Debug|x64.ActiveCfg = Debug|x64
		{E7159403-1AB1-4E53-946E-362EA97F80F0}.Debug|x64.Build.0 = Debug|x64
		{E7159403-1AB1-4E53-946E-362EA97F80F0}.Debug|x86.ActiveCfg = Debug|Win32
		{E7159403-1AB1-4E53-946E-362EA97F80F0}.Debug|x86.Build.0 = Debug|Win32
		{E7159403-1AB1-4E53-946E-362EA97F80F0}.Release|x64.ActiveCfg = Release|x64
		{E7159403-1AB1-4E53-946E-362EA97F80F0}.Release|x64.Build.0 = Release|x64
		{E7159403-1AB1-4E53-946E-362EA97F80F0}.Release|x86.ActiveCfg = Release|Win32
		{E7159403-1AB1-4E53-946E-362EA97F80F0}.Release|x86.Build.0 = Release|Win32
	EndGlobalSection
	GlobalSection(SolutionProperties) = preSolution
		HideSolutionNode = FALSE
	EndGlobalSection
	GlobalSection(ExtensibilityGlobals) = postSolution
		SolutionGuid = {D0654542-C02C-4211-A3AE-0566FBFF3F03}
	EndGlobalSection
EndGlobal
