
Microsoft Visual Studio Solution File, Format Version 12.00
# Visual Studio Version 16
VisualStudioVersion = 16.0.35130.168
MinimumVisualStudioVersion = 10.0.40219.1
Project("{8BC9CEB8-8B4A-11D0-8D11-00A0C91BC942}") = "1912", "1912\1912.vcxproj", "{D09AFA9F-3143-44C2-89A3-E4B508D1543F}"
EndProject
Global
	GlobalSection(SolutionConfigurationPlatforms) = preSolution
		Debug|x64 = Debug|x64
		Debug|x86 = Debug|x86
		Release|x64 = Release|x64
		Release|x86 = Release|x86
	EndGlobalSection
	GlobalSection(ProjectConfigurationPlatforms) = postSolution
		{D09AFA9F-3143-44C2-89A3-E4B508D1543F}.Debug|x64.ActiveCfg = Debug|x64
		{D09AFA9F-3143-44C2-89A3-E4B508D1543F}.Debug|x64.Build.0 = Debug|x64
		{D09AFA9F-3143-44C2-89A3-E4B508D1543F}.Debug|x86.ActiveCfg = Debug|Win32
		{D09AFA9F-3143-44C2-89A3-E4B508D1543F}.Debug|x86.Build.0 = Debug|Win32
		{D09AFA9F-3143-44C2-89A3-E4B508D1543F}.Release|x64.ActiveCfg = Release|x64
		{D09AFA9F-3143-44C2-89A3-E4B508D1543F}.Release|x64.Build.0 = Release|x64
		{D09AFA9F-3143-44C2-89A3-E4B508D1543F}.Release|x86.ActiveCfg = Release|Win32
		{D09AFA9F-3143-44C2-89A3-E4B508D1543F}.Release|x86.Build.0 = Release|Win32
	EndGlobalSection
	GlobalSection(SolutionProperties) = preSolution
		HideSolutionNode = FALSE
	EndGlobalSection
	GlobalSection(ExtensibilityGlobals) = postSolution
		SolutionGuid = {92B86364-0B62-4930-9E02-93227F9A034D}
	EndGlobalSection
EndGlobal
