
Microsoft Visual Studio Solution File, Format Version 12.00
# Visual Studio Version 16
VisualStudioVersion = 16.0.35130.168
MinimumVisualStudioVersion = 10.0.40219.1
Project("{8BC9CEB8-8B4A-11D0-8D11-00A0C91BC942}") = "11053(1)", "11053(1)\11053(1).vcxproj", "{5C852086-5174-44D5-92D1-1B0DCA50DECE}"
EndProject
Global
	GlobalSection(SolutionConfigurationPlatforms) = preSolution
		Debug|x64 = Debug|x64
		Debug|x86 = Debug|x86
		Release|x64 = Release|x64
		Release|x86 = Release|x86
	EndGlobalSection
	GlobalSection(ProjectConfigurationPlatforms) = postSolution
		{5C852086-5174-44D5-92D1-1B0DCA50DECE}.Debug|x64.ActiveCfg = Debug|x64
		{5C852086-5174-44D5-92D1-1B0DCA50DECE}.Debug|x64.Build.0 = Debug|x64
		{5C852086-5174-44D5-92D1-1B0DCA50DECE}.Debug|x86.ActiveCfg = Debug|Win32
		{5C852086-5174-44D5-92D1-1B0DCA50DECE}.Debug|x86.Build.0 = Debug|Win32
		{5C852086-5174-44D5-92D1-1B0DCA50DECE}.Release|x64.ActiveCfg = Release|x64
		{5C852086-5174-44D5-92D1-1B0DCA50DECE}.Release|x64.Build.0 = Release|x64
		{5C852086-5174-44D5-92D1-1B0DCA50DECE}.Release|x86.ActiveCfg = Release|Win32
		{5C852086-5174-44D5-92D1-1B0DCA50DECE}.Release|x86.Build.0 = Release|Win32
	EndGlobalSection
	GlobalSection(SolutionProperties) = preSolution
		HideSolutionNode = FALSE
	EndGlobalSection
	GlobalSection(ExtensibilityGlobals) = postSolution
		SolutionGuid = {E0D14B0E-6716-423E-8B26-941664084346}
	EndGlobalSection
EndGlobal
