
Microsoft Visual Studio Solution File, Format Version 12.00
# Visual Studio Version 16
VisualStudioVersion = 16.0.35130.168
MinimumVisualStudioVersion = 10.0.40219.1
Project("{8BC9CEB8-8B4A-11D0-8D11-00A0C91BC942}") = "3151", "3151\3151.vcxproj", "{6D29DDED-1BB9-419A-AFF5-72E64B3C0F86}"
EndProject
Global
	GlobalSection(SolutionConfigurationPlatforms) = preSolution
		Debug|x64 = Debug|x64
		Debug|x86 = Debug|x86
		Release|x64 = Release|x64
		Release|x86 = Release|x86
	EndGlobalSection
	GlobalSection(ProjectConfigurationPlatforms) = postSolution
		{6D29DDED-1BB9-419A-AFF5-72E64B3C0F86}.Debug|x64.ActiveCfg = Debug|x64
		{6D29DDED-1BB9-419A-AFF5-72E64B3C0F86}.Debug|x64.Build.0 = Debug|x64
		{6D29DDED-1BB9-419A-AFF5-72E64B3C0F86}.Debug|x86.ActiveCfg = Debug|Win32
		{6D29DDED-1BB9-419A-AFF5-72E64B3C0F86}.Debug|x86.Build.0 = Debug|Win32
		{6D29DDED-1BB9-419A-AFF5-72E64B3C0F86}.Release|x64.ActiveCfg = Release|x64
		{6D29DDED-1BB9-419A-AFF5-72E64B3C0F86}.Release|x64.Build.0 = Release|x64
		{6D29DDED-1BB9-419A-AFF5-72E64B3C0F86}.Release|x86.ActiveCfg = Release|Win32
		{6D29DDED-1BB9-419A-AFF5-72E64B3C0F86}.Release|x86.Build.0 = Release|Win32
	EndGlobalSection
	GlobalSection(SolutionProperties) = preSolution
		HideSolutionNode = FALSE
	EndGlobalSection
	GlobalSection(ExtensibilityGlobals) = postSolution
		SolutionGuid = {2408DBD2-6D79-41DE-9535-85EDA20B5A7D}
	EndGlobalSection
EndGlobal
