
Microsoft Visual Studio Solution File, Format Version 12.00
# Visual Studio Version 16
VisualStudioVersion = 16.0.35130.168
MinimumVisualStudioVersion = 10.0.40219.1
Project("{8BC9CEB8-8B4A-11D0-8D11-00A0C91BC942}") = "2579", "2579\2579.vcxproj", "{376FDA9B-D2EA-454B-AF04-E56E8DEB88C4}"
EndProject
Global
	GlobalSection(SolutionConfigurationPlatforms) = preSolution
		Debug|x64 = Debug|x64
		Debug|x86 = Debug|x86
		Release|x64 = Release|x64
		Release|x86 = Release|x86
	EndGlobalSection
	GlobalSection(ProjectConfigurationPlatforms) = postSolution
		{376FDA9B-D2EA-454B-AF04-E56E8DEB88C4}.Debug|x64.ActiveCfg = Debug|x64
		{376FDA9B-D2EA-454B-AF04-E56E8DEB88C4}.Debug|x64.Build.0 = Debug|x64
		{376FDA9B-D2EA-454B-AF04-E56E8DEB88C4}.Debug|x86.ActiveCfg = Debug|Win32
		{376FDA9B-D2EA-454B-AF04-E56E8DEB88C4}.Debug|x86.Build.0 = Debug|Win32
		{376FDA9B-D2EA-454B-AF04-E56E8DEB88C4}.Release|x64.ActiveCfg = Release|x64
		{376FDA9B-D2EA-454B-AF04-E56E8DEB88C4}.Release|x64.Build.0 = Release|x64
		{376FDA9B-D2EA-454B-AF04-E56E8DEB88C4}.Release|x86.ActiveCfg = Release|Win32
		{376FDA9B-D2EA-454B-AF04-E56E8DEB88C4}.Release|x86.Build.0 = Release|Win32
	EndGlobalSection
	GlobalSection(SolutionProperties) = preSolution
		HideSolutionNode = FALSE
	EndGlobalSection
	GlobalSection(ExtensibilityGlobals) = postSolution
		SolutionGuid = {E6F8EE36-B15D-4B25-B30E-5689072FDAD4}
	EndGlobalSection
EndGlobal
