
Microsoft Visual Studio Solution File, Format Version 12.00
# Visual Studio Version 16
VisualStudioVersion = 16.0.34601.136
MinimumVisualStudioVersion = 10.0.40219.1
Project("{8BC9CEB8-8B4A-11D0-8D11-00A0C91BC942}") = "9461", "9461\9461.vcxproj", "{80295AC6-F116-4D06-AAC0-57E88A097DAC}"
EndProject
Global
	GlobalSection(SolutionConfigurationPlatforms) = preSolution
		Debug|x64 = Debug|x64
		Debug|x86 = Debug|x86
		Release|x64 = Release|x64
		Release|x86 = Release|x86
	EndGlobalSection
	GlobalSection(ProjectConfigurationPlatforms) = postSolution
		{80295AC6-F116-4D06-AAC0-57E88A097DAC}.Debug|x64.ActiveCfg = Debug|x64
		{80295AC6-F116-4D06-AAC0-57E88A097DAC}.Debug|x64.Build.0 = Debug|x64
		{80295AC6-F116-4D06-AAC0-57E88A097DAC}.Debug|x86.ActiveCfg = Debug|Win32
		{80295AC6-F116-4D06-AAC0-57E88A097DAC}.Debug|x86.Build.0 = Debug|Win32
		{80295AC6-F116-4D06-AAC0-57E88A097DAC}.Release|x64.ActiveCfg = Release|x64
		{80295AC6-F116-4D06-AAC0-57E88A097DAC}.Release|x64.Build.0 = Release|x64
		{80295AC6-F116-4D06-AAC0-57E88A097DAC}.Release|x86.ActiveCfg = Release|Win32
		{80295AC6-F116-4D06-AAC0-57E88A097DAC}.Release|x86.Build.0 = Release|Win32
	EndGlobalSection
	GlobalSection(SolutionProperties) = preSolution
		HideSolutionNode = FALSE
	EndGlobalSection
	GlobalSection(ExtensibilityGlobals) = postSolution
		SolutionGuid = {94099CB0-72F1-4B21-8CE3-F094D652DE1D}
	EndGlobalSection
EndGlobal
