
Microsoft Visual Studio Solution File, Format Version 12.00
# Visual Studio Version 16
VisualStudioVersion = 16.0.33214.272
MinimumVisualStudioVersion = 10.0.40219.1
Project("{8BC9CEB8-8B4A-11D0-8D11-00A0C91BC942}") = "9328", "9328\9328.vcxproj", "{88FFF48B-ADF0-49B4-8C76-8E96E479232B}"
EndProject
Global
	GlobalSection(SolutionConfigurationPlatforms) = preSolution
		Debug|x64 = Debug|x64
		Debug|x86 = Debug|x86
		Release|x64 = Release|x64
		Release|x86 = Release|x86
	EndGlobalSection
	GlobalSection(ProjectConfigurationPlatforms) = postSolution
		{88FFF48B-ADF0-49B4-8C76-8E96E479232B}.Debug|x64.ActiveCfg = Debug|x64
		{88FFF48B-ADF0-49B4-8C76-8E96E479232B}.Debug|x64.Build.0 = Debug|x64
		{88FFF48B-ADF0-49B4-8C76-8E96E479232B}.Debug|x86.ActiveCfg = Debug|Win32
		{88FFF48B-ADF0-49B4-8C76-8E96E479232B}.Debug|x86.Build.0 = Debug|Win32
		{88FFF48B-ADF0-49B4-8C76-8E96E479232B}.Release|x64.ActiveCfg = Release|x64
		{88FFF48B-ADF0-49B4-8C76-8E96E479232B}.Release|x64.Build.0 = Release|x64
		{88FFF48B-ADF0-49B4-8C76-8E96E479232B}.Release|x86.ActiveCfg = Release|Win32
		{88FFF48B-ADF0-49B4-8C76-8E96E479232B}.Release|x86.Build.0 = Release|Win32
	EndGlobalSection
	GlobalSection(SolutionProperties) = preSolution
		HideSolutionNode = FALSE
	EndGlobalSection
	GlobalSection(ExtensibilityGlobals) = postSolution
		SolutionGuid = {6339D73B-F982-4E0E-A1CE-DA603C157E11}
	EndGlobalSection
EndGlobal
