
Microsoft Visual Studio Solution File, Format Version 12.00
# Visual Studio Version 16
VisualStudioVersion = 16.0.33214.272
MinimumVisualStudioVersion = 10.0.40219.1
Project("{8BC9CEB8-8B4A-11D0-8D11-00A0C91BC942}") = "1463(1)", "1463(1)\1463(1).vcxproj", "{2A733F36-7DB9-4710-B8F1-5FD477083118}"
EndProject
Global
	GlobalSection(SolutionConfigurationPlatforms) = preSolution
		Debug|x64 = Debug|x64
		Debug|x86 = Debug|x86
		Release|x64 = Release|x64
		Release|x86 = Release|x86
	EndGlobalSection
	GlobalSection(ProjectConfigurationPlatforms) = postSolution
		{2A733F36-7DB9-4710-B8F1-5FD477083118}.Debug|x64.ActiveCfg = Debug|x64
		{2A733F36-7DB9-4710-B8F1-5FD477083118}.Debug|x64.Build.0 = Debug|x64
		{2A733F36-7DB9-4710-B8F1-5FD477083118}.Debug|x86.ActiveCfg = Debug|Win32
		{2A733F36-7DB9-4710-B8F1-5FD477083118}.Debug|x86.Build.0 = Debug|Win32
		{2A733F36-7DB9-4710-B8F1-5FD477083118}.Release|x64.ActiveCfg = Release|x64
		{2A733F36-7DB9-4710-B8F1-5FD477083118}.Release|x64.Build.0 = Release|x64
		{2A733F36-7DB9-4710-B8F1-5FD477083118}.Release|x86.ActiveCfg = Release|Win32
		{2A733F36-7DB9-4710-B8F1-5FD477083118}.Release|x86.Build.0 = Release|Win32
	EndGlobalSection
	GlobalSection(SolutionProperties) = preSolution
		HideSolutionNode = FALSE
	EndGlobalSection
	GlobalSection(ExtensibilityGlobals) = postSolution
		SolutionGuid = {9A20BEB6-9BD1-4AF8-896D-041DB57FBEBB}
	EndGlobalSection
EndGlobal
