
Microsoft Visual Studio Solution File, Format Version 12.00
# Visual Studio Version 16
VisualStudioVersion = 16.0.34601.136
MinimumVisualStudioVersion = 10.0.40219.1
Project("{8BC9CEB8-8B4A-11D0-8D11-00A0C91BC942}") = "15652", "15652\15652.vcxproj", "{B9C75908-4C4B-4EA0-A64A-9642E545A9E8}"
EndProject
Global
	GlobalSection(SolutionConfigurationPlatforms) = preSolution
		Debug|x64 = Debug|x64
		Debug|x86 = Debug|x86
		Release|x64 = Release|x64
		Release|x86 = Release|x86
	EndGlobalSection
	GlobalSection(ProjectConfigurationPlatforms) = postSolution
		{B9C75908-4C4B-4EA0-A64A-9642E545A9E8}.Debug|x64.ActiveCfg = Debug|x64
		{B9C75908-4C4B-4EA0-A64A-9642E545A9E8}.Debug|x64.Build.0 = Debug|x64
		{B9C75908-4C4B-4EA0-A64A-9642E545A9E8}.Debug|x86.ActiveCfg = Debug|Win32
		{B9C75908-4C4B-4EA0-A64A-9642E545A9E8}.Debug|x86.Build.0 = Debug|Win32
		{B9C75908-4C4B-4EA0-A64A-9642E545A9E8}.Release|x64.ActiveCfg = Release|x64
		{B9C75908-4C4B-4EA0-A64A-9642E545A9E8}.Release|x64.Build.0 = Release|x64
		{B9C75908-4C4B-4EA0-A64A-9642E545A9E8}.Release|x86.ActiveCfg = Release|Win32
		{B9C75908-4C4B-4EA0-A64A-9642E545A9E8}.Release|x86.Build.0 = Release|Win32
	EndGlobalSection
	GlobalSection(SolutionProperties) = preSolution
		HideSolutionNode = FALSE
	EndGlobalSection
	GlobalSection(ExtensibilityGlobals) = postSolution
		SolutionGuid = {2C112788-B3EF-4C51-9CC1-136CE4B978B0}
	EndGlobalSection
EndGlobal
