
Microsoft Visual Studio Solution File, Format Version 12.00
# Visual Studio Version 16
VisualStudioVersion = 16.0.33214.272
MinimumVisualStudioVersion = 10.0.40219.1
Project("{8BC9CEB8-8B4A-11D0-8D11-00A0C91BC942}") = "1406", "1406\1406.vcxproj", "{B9CECEA3-8FFA-43C4-981C-386D45D3327C}"
EndProject
Global
	GlobalSection(SolutionConfigurationPlatforms) = preSolution
		Debug|x64 = Debug|x64
		Debug|x86 = Debug|x86
		Release|x64 = Release|x64
		Release|x86 = Release|x86
	EndGlobalSection
	GlobalSection(ProjectConfigurationPlatforms) = postSolution
		{B9CECEA3-8FFA-43C4-981C-386D45D3327C}.Debug|x64.ActiveCfg = Debug|x64
		{B9CECEA3-8FFA-43C4-981C-386D45D3327C}.Debug|x64.Build.0 = Debug|x64
		{B9CECEA3-8FFA-43C4-981C-386D45D3327C}.Debug|x86.ActiveCfg = Debug|Win32
		{B9CECEA3-8FFA-43C4-981C-386D45D3327C}.Debug|x86.Build.0 = Debug|Win32
		{B9CECEA3-8FFA-43C4-981C-386D45D3327C}.Release|x64.ActiveCfg = Release|x64
		{B9CECEA3-8FFA-43C4-981C-386D45D3327C}.Release|x64.Build.0 = Release|x64
		{B9CECEA3-8FFA-43C4-981C-386D45D3327C}.Release|x86.ActiveCfg = Release|Win32
		{B9CECEA3-8FFA-43C4-981C-386D45D3327C}.Release|x86.Build.0 = Release|Win32
	EndGlobalSection
	GlobalSection(SolutionProperties) = preSolution
		HideSolutionNode = FALSE
	EndGlobalSection
	GlobalSection(ExtensibilityGlobals) = postSolution
		SolutionGuid = {5DCF228A-9D29-486F-8183-EDA8C9A9F8E7}
	EndGlobalSection
EndGlobal
