
Microsoft Visual Studio Solution File, Format Version 12.00
# Visual Studio Version 16
VisualStudioVersion = 16.0.35130.168
MinimumVisualStudioVersion = 10.0.40219.1
Project("{8BC9CEB8-8B4A-11D0-8D11-00A0C91BC942}") = "4803", "4803\4803.vcxproj", "{B50D79D8-4F94-4E91-8E8A-3C5F9AF09F5D}"
EndProject
Global
	GlobalSection(SolutionConfigurationPlatforms) = preSolution
		Debug|x64 = Debug|x64
		Debug|x86 = Debug|x86
		Release|x64 = Release|x64
		Release|x86 = Release|x86
	EndGlobalSection
	GlobalSection(ProjectConfigurationPlatforms) = postSolution
		{B50D79D8-4F94-4E91-8E8A-3C5F9AF09F5D}.Debug|x64.ActiveCfg = Debug|x64
		{B50D79D8-4F94-4E91-8E8A-3C5F9AF09F5D}.Debug|x64.Build.0 = Debug|x64
		{B50D79D8-4F94-4E91-8E8A-3C5F9AF09F5D}.Debug|x86.ActiveCfg = Debug|Win32
		{B50D79D8-4F94-4E91-8E8A-3C5F9AF09F5D}.Debug|x86.Build.0 = Debug|Win32
		{B50D79D8-4F94-4E91-8E8A-3C5F9AF09F5D}.Release|x64.ActiveCfg = Release|x64
		{B50D79D8-4F94-4E91-8E8A-3C5F9AF09F5D}.Release|x64.Build.0 = Release|x64
		{B50D79D8-4F94-4E91-8E8A-3C5F9AF09F5D}.Release|x86.ActiveCfg = Release|Win32
		{B50D79D8-4F94-4E91-8E8A-3C5F9AF09F5D}.Release|x86.Build.0 = Release|Win32
	EndGlobalSection
	GlobalSection(SolutionProperties) = preSolution
		HideSolutionNode = FALSE
	EndGlobalSection
	GlobalSection(ExtensibilityGlobals) = postSolution
		SolutionGuid = {19A76409-D659-413C-94DD-A8ACC13D9E37}
	EndGlobalSection
EndGlobal
