
Microsoft Visual Studio Solution File, Format Version 12.00
# Visual Studio Version 16
VisualStudioVersion = 16.0.35130.168
MinimumVisualStudioVersion = 10.0.40219.1
Project("{8BC9CEB8-8B4A-11D0-8D11-00A0C91BC942}") = "1753", "1753\1753.vcxproj", "{2490F990-455C-41C8-8A0D-78C10B2AF9C4}"
EndProject
Global
	GlobalSection(SolutionConfigurationPlatforms) = preSolution
		Debug|x64 = Debug|x64
		Debug|x86 = Debug|x86
		Release|x64 = Release|x64
		Release|x86 = Release|x86
	EndGlobalSection
	GlobalSection(ProjectConfigurationPlatforms) = postSolution
		{2490F990-455C-41C8-8A0D-78C10B2AF9C4}.Debug|x64.ActiveCfg = Debug|x64
		{2490F990-455C-41C8-8A0D-78C10B2AF9C4}.Debug|x64.Build.0 = Debug|x64
		{2490F990-455C-41C8-8A0D-78C10B2AF9C4}.Debug|x86.ActiveCfg = Debug|Win32
		{2490F990-455C-41C8-8A0D-78C10B2AF9C4}.Debug|x86.Build.0 = Debug|Win32
		{2490F990-455C-41C8-8A0D-78C10B2AF9C4}.Release|x64.ActiveCfg = Release|x64
		{2490F990-455C-41C8-8A0D-78C10B2AF9C4}.Release|x64.Build.0 = Release|x64
		{2490F990-455C-41C8-8A0D-78C10B2AF9C4}.Release|x86.ActiveCfg = Release|Win32
		{2490F990-455C-41C8-8A0D-78C10B2AF9C4}.Release|x86.Build.0 = Release|Win32
	EndGlobalSection
	GlobalSection(SolutionProperties) = preSolution
		HideSolutionNode = FALSE
	EndGlobalSection
	GlobalSection(ExtensibilityGlobals) = postSolution
		SolutionGuid = {3B5DFBAE-4168-421D-BE29-13C4AC0FA1B8}
	EndGlobalSection
EndGlobal
