
Microsoft Visual Studio Solution File, Format Version 12.00
# Visual Studio Version 16
VisualStudioVersion = 16.0.33214.272
MinimumVisualStudioVersion = 10.0.40219.1
Project("{8BC9CEB8-8B4A-11D0-8D11-00A0C91BC942}") = "14863", "14863\14863.vcxproj", "{39F7F7D9-B1FE-4200-A271-DB10D266A644}"
EndProject
Global
	GlobalSection(SolutionConfigurationPlatforms) = preSolution
		Debug|x64 = Debug|x64
		Debug|x86 = Debug|x86
		Release|x64 = Release|x64
		Release|x86 = Release|x86
	EndGlobalSection
	GlobalSection(ProjectConfigurationPlatforms) = postSolution
		{39F7F7D9-B1FE-4200-A271-DB10D266A644}.Debug|x64.ActiveCfg = Debug|x64
		{39F7F7D9-B1FE-4200-A271-DB10D266A644}.Debug|x64.Build.0 = Debug|x64
		{39F7F7D9-B1FE-4200-A271-DB10D266A644}.Debug|x86.ActiveCfg = Debug|Win32
		{39F7F7D9-B1FE-4200-A271-DB10D266A644}.Debug|x86.Build.0 = Debug|Win32
		{39F7F7D9-B1FE-4200-A271-DB10D266A644}.Release|x64.ActiveCfg = Release|x64
		{39F7F7D9-B1FE-4200-A271-DB10D266A644}.Release|x64.Build.0 = Release|x64
		{39F7F7D9-B1FE-4200-A271-DB10D266A644}.Release|x86.ActiveCfg = Release|Win32
		{39F7F7D9-B1FE-4200-A271-DB10D266A644}.Release|x86.Build.0 = Release|Win32
	EndGlobalSection
	GlobalSection(SolutionProperties) = preSolution
		HideSolutionNode = FALSE
	EndGlobalSection
	GlobalSection(ExtensibilityGlobals) = postSolution
		SolutionGuid = {C2FCAE3C-658C-4DE2-829B-FEECAD9DF144}
	EndGlobalSection
EndGlobal
