
Microsoft Visual Studio Solution File, Format Version 12.00
# Visual Studio Version 16
VisualStudioVersion = 16.0.35130.168
MinimumVisualStudioVersion = 10.0.40219.1
Project("{8BC9CEB8-8B4A-11D0-8D11-00A0C91BC942}") = "14235", "14235\14235.vcxproj", "{D88D5630-43C1-4990-809C-C8AAE44423CD}"
EndProject
Global
	GlobalSection(SolutionConfigurationPlatforms) = preSolution
		Debug|x64 = Debug|x64
		Debug|x86 = Debug|x86
		Release|x64 = Release|x64
		Release|x86 = Release|x86
	EndGlobalSection
	GlobalSection(ProjectConfigurationPlatforms) = postSolution
		{D88D5630-43C1-4990-809C-C8AAE44423CD}.Debug|x64.ActiveCfg = Debug|x64
		{D88D5630-43C1-4990-809C-C8AAE44423CD}.Debug|x64.Build.0 = Debug|x64
		{D88D5630-43C1-4990-809C-C8AAE44423CD}.Debug|x86.ActiveCfg = Debug|Win32
		{D88D5630-43C1-4990-809C-C8AAE44423CD}.Debug|x86.Build.0 = Debug|Win32
		{D88D5630-43C1-4990-809C-C8AAE44423CD}.Release|x64.ActiveCfg = Release|x64
		{D88D5630-43C1-4990-809C-C8AAE44423CD}.Release|x64.Build.0 = Release|x64
		{D88D5630-43C1-4990-809C-C8AAE44423CD}.Release|x86.ActiveCfg = Release|Win32
		{D88D5630-43C1-4990-809C-C8AAE44423CD}.Release|x86.Build.0 = Release|Win32
	EndGlobalSection
	GlobalSection(SolutionProperties) = preSolution
		HideSolutionNode = FALSE
	EndGlobalSection
	GlobalSection(ExtensibilityGlobals) = postSolution
		SolutionGuid = {11D93EC2-B551-403D-8D6B-DC7A785B1F6A}
	EndGlobalSection
EndGlobal
