
Microsoft Visual Studio Solution File, Format Version 12.00
# Visual Studio Version 16
VisualStudioVersion = 16.0.33214.272
MinimumVisualStudioVersion = 10.0.40219.1
Project("{8BC9CEB8-8B4A-11D0-8D11-00A0C91BC942}") = "Project5", "Project5\Project5.vcxproj", "{C0F0E689-37EE-4670-8BDB-E5DB697C5574}"
EndProject
Global
	GlobalSection(SolutionConfigurationPlatforms) = preSolution
		Debug|x64 = Debug|x64
		Debug|x86 = Debug|x86
		Release|x64 = Release|x64
		Release|x86 = Release|x86
	EndGlobalSection
	GlobalSection(ProjectConfigurationPlatforms) = postSolution
		{C0F0E689-37EE-4670-8BDB-E5DB697C5574}.Debug|x64.ActiveCfg = Debug|x64
		{C0F0E689-37EE-4670-8BDB-E5DB697C5574}.Debug|x64.Build.0 = Debug|x64
		{C0F0E689-37EE-4670-8BDB-E5DB697C5574}.Debug|x86.ActiveCfg = Debug|Win32
		{C0F0E689-37EE-4670-8BDB-E5DB697C5574}.Debug|x86.Build.0 = Debug|Win32
		{C0F0E689-37EE-4670-8BDB-E5DB697C5574}.Release|x64.ActiveCfg = Release|x64
		{C0F0E689-37EE-4670-8BDB-E5DB697C5574}.Release|x64.Build.0 = Release|x64
		{C0F0E689-37EE-4670-8BDB-E5DB697C5574}.Release|x86.ActiveCfg = Release|Win32
		{C0F0E689-37EE-4670-8BDB-E5DB697C5574}.Release|x86.Build.0 = Release|Win32
	EndGlobalSection
	GlobalSection(SolutionProperties) = preSolution
		HideSolutionNode = FALSE
	EndGlobalSection
	GlobalSection(ExtensibilityGlobals) = postSolution
		SolutionGuid = {5F0AFDE1-A388-49E7-B6B6-E4AFA0585D2F}
	EndGlobalSection
EndGlobal
