
Microsoft Visual Studio Solution File, Format Version 12.00
# Visual Studio Version 16
VisualStudioVersion = 16.0.33214.272
MinimumVisualStudioVersion = 10.0.40219.1
Project("{8BC9CEB8-8B4A-11D0-8D11-00A0C91BC942}") = "5622", "5622\5622.vcxproj", "{273FDECD-448C-4752-8F68-00651873EA3B}"
EndProject
Global
	GlobalSection(SolutionConfigurationPlatforms) = preSolution
		Debug|x64 = Debug|x64
		Debug|x86 = Debug|x86
		Release|x64 = Release|x64
		Release|x86 = Release|x86
	EndGlobalSection
	GlobalSection(ProjectConfigurationPlatforms) = postSolution
		{273FDECD-448C-4752-8F68-00651873EA3B}.Debug|x64.ActiveCfg = Debug|x64
		{273FDECD-448C-4752-8F68-00651873EA3B}.Debug|x64.Build.0 = Debug|x64
		{273FDECD-448C-4752-8F68-00651873EA3B}.Debug|x86.ActiveCfg = Debug|Win32
		{273FDECD-448C-4752-8F68-00651873EA3B}.Debug|x86.Build.0 = Debug|Win32
		{273FDECD-448C-4752-8F68-00651873EA3B}.Release|x64.ActiveCfg = Release|x64
		{273FDECD-448C-4752-8F68-00651873EA3B}.Release|x64.Build.0 = Release|x64
		{273FDECD-448C-4752-8F68-00651873EA3B}.Release|x86.ActiveCfg = Release|Win32
		{273FDECD-448C-4752-8F68-00651873EA3B}.Release|x86.Build.0 = Release|Win32
	EndGlobalSection
	GlobalSection(SolutionProperties) = preSolution
		HideSolutionNode = FALSE
	EndGlobalSection
	GlobalSection(ExtensibilityGlobals) = postSolution
		SolutionGuid = {98002F0A-71F8-4A3B-81E9-9A98CC97DAC4}
	EndGlobalSection
EndGlobal
